
Microsoft Visual Studio Solution File, Format Version 12.00
# Visual Studio 14
VisualStudioVersion = 14.0.25123.0
MinimumVisualStudioVersion = 10.0.40219.1
Project("{2150E333-8FDC-42A3-9474-1A3956D46DE8}") = "API", "API", "{9B922F0A-520E-4ACD-9247-9532FA3046CC}"
EndProject
Project("{2150E333-8FDC-42A3-9474-1A3956D46DE8}") = "Presentation", "Presentation", "{A856F174-C960-49C1-8438-05FB7C74F955}"
EndProject
Project("{2150E333-8FDC-42A3-9474-1A3956D46DE8}") = "Infrastructure", "Infrastructure", "{A3061022-DE81-4B20-9BB6-E747DF0DE807}"
EndProject
Project("{2150E333-8FDC-42A3-9474-1A3956D46DE8}") = "Domain", "Domain", "{858E1AEC-5C1C-440C-A442-EF2140693850}"
EndProject
Project("{FAE04EC0-301F-11D3-BF4B-00C04F79EFBC}") = "XH.Infrastructure", "Infrastructure\XH.Infrastructure\XH.Infrastructure.csproj", "{3008A7D0-C5AC-4E09-A05C-34785C1A1C67}"
EndProject
Project("{FAE04EC0-301F-11D3-BF4B-00C04F79EFBC}") = "XH.Presentation.Web", "Presentation\XH.Presentation.Web\XH.Presentation.Web.csproj", "{68A7007C-A564-4DA7-AACB-44F830828070}"
EndProject
Project("{FAE04EC0-301F-11D3-BF4B-00C04F79EFBC}") = "XH.Infrastructure.Domain", "Infrastructure\XH.Infrastructure.Domain\XH.Infrastructure.Domain.csproj", "{BF5C7752-4B22-4F5B-8A76-3BAA5F216A45}"
EndProject
Project("{FAE04EC0-301F-11D3-BF4B-00C04F79EFBC}") = "XH.APIs.WebAPI", "APIs\XH.APIs.WebAPI\XH.APIs.WebAPI.csproj", "{68EBA63D-7800-4D47-BF2E-C0CF4A513F0A}"
EndProject
Project("{FAE04EC0-301F-11D3-BF4B-00C04F79EFBC}") = "XH.Domain.Models", "Domain\XH.Domain.Models\XH.Domain.Models.csproj", "{B49FEBF9-2949-42BB-B925-2D37A732DC64}"
EndProject
Project("{FAE04EC0-301F-11D3-BF4B-00C04F79EFBC}") = "XH.APIs.WebAPI.MediaAPI", "APIs\XH.APIs.WebAPI.MediaAPI\XH.APIs.WebAPI.MediaAPI.csproj", "{8F355E7B-EC52-4595-8EC8-C5DEA6439080}"
EndProject
Project("{2150E333-8FDC-42A3-9474-1A3956D46DE8}") = "Global", "Global", "{C5D22EAB-8914-418B-A6BF-12F81E08C5A7}"
EndProject
Project("{FAE04EC0-301F-11D3-BF4B-00C04F79EFBC}") = "XH.Config", "Global\XH.Config\XH.Config.csproj", "{50E442FE-FAD3-4B30-9590-749DB8159F66}"
EndProject
Project("{FAE04EC0-301F-11D3-BF4B-00C04F79EFBC}") = "XH.Shared", "Global\XH.Shared\XH.Shared.csproj", "{452EBB02-3BE0-4D74-98A2-2AF82A80ED16}"
EndProject
Global
	GlobalSection(SolutionConfigurationPlatforms) = preSolution
		Debug|Any CPU = Debug|Any CPU
		Development|Any CPU = Development|Any CPU
		Production|Any CPU = Production|Any CPU
		Release|Any CPU = Release|Any CPU
	EndGlobalSection
	GlobalSection(ProjectConfigurationPlatforms) = postSolution
		{3008A7D0-C5AC-4E09-A05C-34785C1A1C67}.Debug|Any CPU.ActiveCfg = Debug|Any CPU
		{3008A7D0-C5AC-4E09-A05C-34785C1A1C67}.Debug|Any CPU.Build.0 = Debug|Any CPU
		{3008A7D0-C5AC-4E09-A05C-34785C1A1C67}.Development|Any CPU.ActiveCfg = Debug|Any CPU
		{3008A7D0-C5AC-4E09-A05C-34785C1A1C67}.Development|Any CPU.Build.0 = Debug|Any CPU
		{3008A7D0-C5AC-4E09-A05C-34785C1A1C67}.Production|Any CPU.ActiveCfg = Release|Any CPU
		{3008A7D0-C5AC-4E09-A05C-34785C1A1C67}.Production|Any CPU.Build.0 = Release|Any CPU
		{3008A7D0-C5AC-4E09-A05C-34785C1A1C67}.Release|Any CPU.ActiveCfg = Release|Any CPU
		{3008A7D0-C5AC-4E09-A05C-34785C1A1C67}.Release|Any CPU.Build.0 = Release|Any CPU
		{68A7007C-A564-4DA7-AACB-44F830828070}.Debug|Any CPU.ActiveCfg = Debug|Any CPU
		{68A7007C-A564-4DA7-AACB-44F830828070}.Debug|Any CPU.Build.0 = Debug|Any CPU
		{68A7007C-A564-4DA7-AACB-44F830828070}.Development|Any CPU.ActiveCfg = Debug|Any CPU
		{68A7007C-A564-4DA7-AACB-44F830828070}.Development|Any CPU.Build.0 = Debug|Any CPU
		{68A7007C-A564-4DA7-AACB-44F830828070}.Production|Any CPU.ActiveCfg = Release|Any CPU
		{68A7007C-A564-4DA7-AACB-44F830828070}.Production|Any CPU.Build.0 = Release|Any CPU
		{68A7007C-A564-4DA7-AACB-44F830828070}.Release|Any CPU.ActiveCfg = Release|Any CPU
		{68A7007C-A564-4DA7-AACB-44F830828070}.Release|Any CPU.Build.0 = Release|Any CPU
		{BF5C7752-4B22-4F5B-8A76-3BAA5F216A45}.Debug|Any CPU.ActiveCfg = Debug|Any CPU
		{BF5C7752-4B22-4F5B-8A76-3BAA5F216A45}.Debug|Any CPU.Build.0 = Debug|Any CPU
		{BF5C7752-4B22-4F5B-8A76-3BAA5F216A45}.Development|Any CPU.ActiveCfg = Debug|Any CPU
		{BF5C7752-4B22-4F5B-8A76-3BAA5F216A45}.Development|Any CPU.Build.0 = Debug|Any CPU
		{BF5C7752-4B22-4F5B-8A76-3BAA5F216A45}.Production|Any CPU.ActiveCfg = Release|Any CPU
		{BF5C7752-4B22-4F5B-8A76-3BAA5F216A45}.Production|Any CPU.Build.0 = Release|Any CPU
		{BF5C7752-4B22-4F5B-8A76-3BAA5F216A45}.Release|Any CPU.ActiveCfg = Release|Any CPU
		{BF5C7752-4B22-4F5B-8A76-3BAA5F216A45}.Release|Any CPU.Build.0 = Release|Any CPU
		{68EBA63D-7800-4D47-BF2E-C0CF4A513F0A}.Debug|Any CPU.ActiveCfg = Debug|Any CPU
		{68EBA63D-7800-4D47-BF2E-C0CF4A513F0A}.Debug|Any CPU.Build.0 = Debug|Any CPU
		{68EBA63D-7800-4D47-BF2E-C0CF4A513F0A}.Development|Any CPU.ActiveCfg = Debug|Any CPU
		{68EBA63D-7800-4D47-BF2E-C0CF4A513F0A}.Development|Any CPU.Build.0 = Debug|Any CPU
		{68EBA63D-7800-4D47-BF2E-C0CF4A513F0A}.Production|Any CPU.ActiveCfg = Release|Any CPU
		{68EBA63D-7800-4D47-BF2E-C0CF4A513F0A}.Production|Any CPU.Build.0 = Release|Any CPU
		{68EBA63D-7800-4D47-BF2E-C0CF4A513F0A}.Release|Any CPU.ActiveCfg = Release|Any CPU
		{68EBA63D-7800-4D47-BF2E-C0CF4A513F0A}.Release|Any CPU.Build.0 = Release|Any CPU
		{B49FEBF9-2949-42BB-B925-2D37A732DC64}.Debug|Any CPU.ActiveCfg = Debug|Any CPU
		{B49FEBF9-2949-42BB-B925-2D37A732DC64}.Debug|Any CPU.Build.0 = Debug|Any CPU
		{B49FEBF9-2949-42BB-B925-2D37A732DC64}.Development|Any CPU.ActiveCfg = Debug|Any CPU
		{B49FEBF9-2949-42BB-B925-2D37A732DC64}.Development|Any CPU.Build.0 = Debug|Any CPU
		{B49FEBF9-2949-42BB-B925-2D37A732DC64}.Production|Any CPU.ActiveCfg = Release|Any CPU
		{B49FEBF9-2949-42BB-B925-2D37A732DC64}.Production|Any CPU.Build.0 = Release|Any CPU
		{B49FEBF9-2949-42BB-B925-2D37A732DC64}.Release|Any CPU.ActiveCfg = Release|Any CPU
		{B49FEBF9-2949-42BB-B925-2D37A732DC64}.Release|Any CPU.Build.0 = Release|Any CPU
		{8F355E7B-EC52-4595-8EC8-C5DEA6439080}.Debug|Any CPU.ActiveCfg = Debug|Any CPU
		{8F355E7B-EC52-4595-8EC8-C5DEA6439080}.Debug|Any CPU.Build.0 = Debug|Any CPU
		{8F355E7B-EC52-4595-8EC8-C5DEA6439080}.Development|Any CPU.ActiveCfg = Debug|Any CPU
		{8F355E7B-EC52-4595-8EC8-C5DEA6439080}.Development|Any CPU.Build.0 = Debug|Any CPU
		{8F355E7B-EC52-4595-8EC8-C5DEA6439080}.Production|Any CPU.ActiveCfg = Release|Any CPU
		{8F355E7B-EC52-4595-8EC8-C5DEA6439080}.Production|Any CPU.Build.0 = Release|Any CPU
		{8F355E7B-EC52-4595-8EC8-C5DEA6439080}.Release|Any CPU.ActiveCfg = Release|Any CPU
		{8F355E7B-EC52-4595-8EC8-C5DEA6439080}.Release|Any CPU.Build.0 = Release|Any CPU
		{50E442FE-FAD3-4B30-9590-749DB8159F66}.Debug|Any CPU.ActiveCfg = Debug|Any CPU
		{50E442FE-FAD3-4B30-9590-749DB8159F66}.Debug|Any CPU.Build.0 = Debug|Any CPU
		{50E442FE-FAD3-4B30-9590-749DB8159F66}.Development|Any CPU.ActiveCfg = Debug|Any CPU
		{50E442FE-FAD3-4B30-9590-749DB8159F66}.Development|Any CPU.Build.0 = Debug|Any CPU
		{50E442FE-FAD3-4B30-9590-749DB8159F66}.Production|Any CPU.ActiveCfg = Release|Any CPU
		{50E442FE-FAD3-4B30-9590-749DB8159F66}.Production|Any CPU.Build.0 = Release|Any CPU
		{50E442FE-FAD3-4B30-9590-749DB8159F66}.Release|Any CPU.ActiveCfg = Release|Any CPU
		{50E442FE-FAD3-4B30-9590-749DB8159F66}.Release|Any CPU.Build.0 = Release|Any CPU
		{452EBB02-3BE0-4D74-98A2-2AF82A80ED16}.Debug|Any CPU.ActiveCfg = Debug|Any CPU
		{452EBB02-3BE0-4D74-98A2-2AF82A80ED16}.Debug|Any CPU.Build.0 = Debug|Any CPU
		{452EBB02-3BE0-4D74-98A2-2AF82A80ED16}.Development|Any CPU.ActiveCfg = Debug|Any CPU
		{452EBB02-3BE0-4D74-98A2-2AF82A80ED16}.Development|Any CPU.Build.0 = Debug|Any CPU
		{452EBB02-3BE0-4D74-98A2-2AF82A80ED16}.Production|Any CPU.ActiveCfg = Release|Any CPU
		{452EBB02-3BE0-4D74-98A2-2AF82A80ED16}.Production|Any CPU.Build.0 = Release|Any CPU
		{452EBB02-3BE0-4D74-98A2-2AF82A80ED16}.Release|Any CPU.ActiveCfg = Release|Any CPU
		{452EBB02-3BE0-4D74-98A2-2AF82A80ED16}.Release|Any CPU.Build.0 = Release|Any CPU
	EndGlobalSection
	GlobalSection(SolutionProperties) = preSolution
		HideSolutionNode = FALSE
	EndGlobalSection
	GlobalSection(NestedProjects) = preSolution
		{3008A7D0-C5AC-4E09-A05C-34785C1A1C67} = {A3061022-DE81-4B20-9BB6-E747DF0DE807}
		{68A7007C-A564-4DA7-AACB-44F830828070} = {A856F174-C960-49C1-8438-05FB7C74F955}
		{BF5C7752-4B22-4F5B-8A76-3BAA5F216A45} = {A3061022-DE81-4B20-9BB6-E747DF0DE807}
		{68EBA63D-7800-4D47-BF2E-C0CF4A513F0A} = {9B922F0A-520E-4ACD-9247-9532FA3046CC}
		{B49FEBF9-2949-42BB-B925-2D37A732DC64} = {858E1AEC-5C1C-440C-A442-EF2140693850}
		{8F355E7B-EC52-4595-8EC8-C5DEA6439080} = {9B922F0A-520E-4ACD-9247-9532FA3046CC}
		{50E442FE-FAD3-4B30-9590-749DB8159F66} = {C5D22EAB-8914-418B-A6BF-12F81E08C5A7}
		{452EBB02-3BE0-4D74-98A2-2AF82A80ED16} = {C5D22EAB-8914-418B-A6BF-12F81E08C5A7}
	EndGlobalSection
EndGlobal
