
Microsoft Visual Studio Solution File, Format Version 12.00
# Visual Studio 14
VisualStudioVersion = 14.0.25420.1
MinimumVisualStudioVersion = 10.0.40219.1
Project("{2150E333-8FDC-42A3-9474-1A3956D46DE8}") = "API", "API", "{9B922F0A-520E-4ACD-9247-9532FA3046CC}"
EndProject
Project("{2150E333-8FDC-42A3-9474-1A3956D46DE8}") = "Presentation", "Presentation", "{A856F174-C960-49C1-8438-05FB7C74F955}"
EndProject
Project("{2150E333-8FDC-42A3-9474-1A3956D46DE8}") = "Infrastructure", "Infrastructure", "{A3061022-DE81-4B20-9BB6-E747DF0DE807}"
EndProject
Project("{2150E333-8FDC-42A3-9474-1A3956D46DE8}") = "Domain", "Domain", "{858E1AEC-5C1C-440C-A442-EF2140693850}"
EndProject
Project("{FAE04EC0-301F-11D3-BF4B-00C04F79EFBC}") = "XH.Infrastructure", "Infrastructure\XH.Infrastructure\XH.Infrastructure.csproj", "{3008A7D0-C5AC-4E09-A05C-34785C1A1C67}"
EndProject
Project("{FAE04EC0-301F-11D3-BF4B-00C04F79EFBC}") = "XH.Presentation.Web", "Presentation\XH.Presentation.Web\XH.Presentation.Web.csproj", "{68A7007C-A564-4DA7-AACB-44F830828070}"
EndProject
Project("{FAE04EC0-301F-11D3-BF4B-00C04F79EFBC}") = "XH.APIs.WebAPI", "APIs\XH.APIs.WebAPI\XH.APIs.WebAPI.csproj", "{68EBA63D-7800-4D47-BF2E-C0CF4A513F0A}"
EndProject
Project("{FAE04EC0-301F-11D3-BF4B-00C04F79EFBC}") = "XH.APIs.WebAPI.MediaAPI", "APIs\XH.APIs.WebAPI.MediaAPI\XH.APIs.WebAPI.MediaAPI.csproj", "{8F355E7B-EC52-4595-8EC8-C5DEA6439080}"
EndProject
Project("{2150E333-8FDC-42A3-9474-1A3956D46DE8}") = "Global", "Global", "{C5D22EAB-8914-418B-A6BF-12F81E08C5A7}"
EndProject
Project("{FAE04EC0-301F-11D3-BF4B-00C04F79EFBC}") = "XH.Config", "Global\XH.Config\XH.Config.csproj", "{50E442FE-FAD3-4B30-9590-749DB8159F66}"
EndProject
Project("{FAE04EC0-301F-11D3-BF4B-00C04F79EFBC}") = "XH.Shared", "Global\XH.Shared\XH.Shared.csproj", "{452EBB02-3BE0-4D74-98A2-2AF82A80ED16}"
EndProject
Project("{2150E333-8FDC-42A3-9474-1A3956D46DE8}") = "Console", "Console", "{380F98B0-BCA2-4204-BDA6-05F831F828CE}"
EndProject
Project("{FAE04EC0-301F-11D3-BF4B-00C04F79EFBC}") = "XH.Console.NH", "Console\XH.Console.NH\XH.Console.NH.csproj", "{64BC54F5-A0A7-4DB8-99FC-AB653CDB20CE}"
EndProject
Project("{FAE04EC0-301F-11D3-BF4B-00C04F79EFBC}") = "XH.Presentation.Admin", "Presentation\XH.Presentation.Admin\XH.Presentation.Admin.csproj", "{C77A43B0-D5AB-4373-A3B3-EB9EB75F21FA}"
EndProject
Project("{2150E333-8FDC-42A3-9474-1A3956D46DE8}") = "Shared", "Shared", "{982AE19D-B096-47BE-8A1C-767A789B26E7}"
EndProject
Project("{FAE04EC0-301F-11D3-BF4B-00C04F79EFBC}") = "XH.Shared", "Shared\XH.Shared\XH.Shared.csproj", "{B9263E76-023A-4B7C-8B62-2D0338DD3C04}"
EndProject
Project("{FAE04EC0-301F-11D3-BF4B-00C04F79EFBC}") = "XH.Config", "Shared\XH.Config\XH.Config.csproj", "{03C3EB80-7AC4-43C6-B31B-C39F56D34FF8}"
EndProject
Project("{FAE04EC0-301F-11D3-BF4B-00C04F79EFBC}") = "XH.Infrastructure.Persistence.MongoDb", "Infrastructure\XH.Infrastructure.Persistence.MongoDB\XH.Infrastructure.Persistence.MongoDb.csproj", "{7D656741-3E91-473C-BA4D-5FF615090070}"
EndProject
Project("{FAE04EC0-301F-11D3-BF4B-00C04F79EFBC}") = "XH.Domain", "Domain\XH.Domain\XH.Domain.csproj", "{23703FE3-843E-4D4F-98E7-3A07723C73BA}"
EndProject
Global
	GlobalSection(SolutionConfigurationPlatforms) = preSolution
		Debug|Any CPU = Debug|Any CPU
		Development|Any CPU = Development|Any CPU
		Production|Any CPU = Production|Any CPU
		Release|Any CPU = Release|Any CPU
	EndGlobalSection
	GlobalSection(ProjectConfigurationPlatforms) = postSolution
		{3008A7D0-C5AC-4E09-A05C-34785C1A1C67}.Debug|Any CPU.ActiveCfg = Debug|Any CPU
		{3008A7D0-C5AC-4E09-A05C-34785C1A1C67}.Debug|Any CPU.Build.0 = Debug|Any CPU
		{3008A7D0-C5AC-4E09-A05C-34785C1A1C67}.Development|Any CPU.ActiveCfg = Debug|Any CPU
		{3008A7D0-C5AC-4E09-A05C-34785C1A1C67}.Development|Any CPU.Build.0 = Debug|Any CPU
		{3008A7D0-C5AC-4E09-A05C-34785C1A1C67}.Production|Any CPU.ActiveCfg = Release|Any CPU
		{3008A7D0-C5AC-4E09-A05C-34785C1A1C67}.Production|Any CPU.Build.0 = Release|Any CPU
		{3008A7D0-C5AC-4E09-A05C-34785C1A1C67}.Release|Any CPU.ActiveCfg = Release|Any CPU
		{3008A7D0-C5AC-4E09-A05C-34785C1A1C67}.Release|Any CPU.Build.0 = Release|Any CPU
		{68A7007C-A564-4DA7-AACB-44F830828070}.Debug|Any CPU.ActiveCfg = Debug|Any CPU
		{68A7007C-A564-4DA7-AACB-44F830828070}.Debug|Any CPU.Build.0 = Debug|Any CPU
		{68A7007C-A564-4DA7-AACB-44F830828070}.Development|Any CPU.ActiveCfg = Debug|Any CPU
		{68A7007C-A564-4DA7-AACB-44F830828070}.Development|Any CPU.Build.0 = Debug|Any CPU
		{68A7007C-A564-4DA7-AACB-44F830828070}.Production|Any CPU.ActiveCfg = Release|Any CPU
		{68A7007C-A564-4DA7-AACB-44F830828070}.Production|Any CPU.Build.0 = Release|Any CPU
		{68A7007C-A564-4DA7-AACB-44F830828070}.Release|Any CPU.ActiveCfg = Release|Any CPU
		{68A7007C-A564-4DA7-AACB-44F830828070}.Release|Any CPU.Build.0 = Release|Any CPU
		{68EBA63D-7800-4D47-BF2E-C0CF4A513F0A}.Debug|Any CPU.ActiveCfg = Debug|Any CPU
		{68EBA63D-7800-4D47-BF2E-C0CF4A513F0A}.Debug|Any CPU.Build.0 = Debug|Any CPU
		{68EBA63D-7800-4D47-BF2E-C0CF4A513F0A}.Development|Any CPU.ActiveCfg = Debug|Any CPU
		{68EBA63D-7800-4D47-BF2E-C0CF4A513F0A}.Development|Any CPU.Build.0 = Debug|Any CPU
		{68EBA63D-7800-4D47-BF2E-C0CF4A513F0A}.Production|Any CPU.ActiveCfg = Release|Any CPU
		{68EBA63D-7800-4D47-BF2E-C0CF4A513F0A}.Production|Any CPU.Build.0 = Release|Any CPU
		{68EBA63D-7800-4D47-BF2E-C0CF4A513F0A}.Release|Any CPU.ActiveCfg = Release|Any CPU
		{68EBA63D-7800-4D47-BF2E-C0CF4A513F0A}.Release|Any CPU.Build.0 = Release|Any CPU
		{8F355E7B-EC52-4595-8EC8-C5DEA6439080}.Debug|Any CPU.ActiveCfg = Debug|Any CPU
		{8F355E7B-EC52-4595-8EC8-C5DEA6439080}.Debug|Any CPU.Build.0 = Debug|Any CPU
		{8F355E7B-EC52-4595-8EC8-C5DEA6439080}.Development|Any CPU.ActiveCfg = Debug|Any CPU
		{8F355E7B-EC52-4595-8EC8-C5DEA6439080}.Development|Any CPU.Build.0 = Debug|Any CPU
		{8F355E7B-EC52-4595-8EC8-C5DEA6439080}.Production|Any CPU.ActiveCfg = Release|Any CPU
		{8F355E7B-EC52-4595-8EC8-C5DEA6439080}.Production|Any CPU.Build.0 = Release|Any CPU
		{8F355E7B-EC52-4595-8EC8-C5DEA6439080}.Release|Any CPU.ActiveCfg = Release|Any CPU
		{8F355E7B-EC52-4595-8EC8-C5DEA6439080}.Release|Any CPU.Build.0 = Release|Any CPU
		{50E442FE-FAD3-4B30-9590-749DB8159F66}.Debug|Any CPU.ActiveCfg = Debug|Any CPU
		{50E442FE-FAD3-4B30-9590-749DB8159F66}.Debug|Any CPU.Build.0 = Debug|Any CPU
		{50E442FE-FAD3-4B30-9590-749DB8159F66}.Development|Any CPU.ActiveCfg = Debug|Any CPU
		{50E442FE-FAD3-4B30-9590-749DB8159F66}.Development|Any CPU.Build.0 = Debug|Any CPU
		{50E442FE-FAD3-4B30-9590-749DB8159F66}.Production|Any CPU.ActiveCfg = Release|Any CPU
		{50E442FE-FAD3-4B30-9590-749DB8159F66}.Production|Any CPU.Build.0 = Release|Any CPU
		{50E442FE-FAD3-4B30-9590-749DB8159F66}.Release|Any CPU.ActiveCfg = Release|Any CPU
		{50E442FE-FAD3-4B30-9590-749DB8159F66}.Release|Any CPU.Build.0 = Release|Any CPU
		{452EBB02-3BE0-4D74-98A2-2AF82A80ED16}.Debug|Any CPU.ActiveCfg = Debug|Any CPU
		{452EBB02-3BE0-4D74-98A2-2AF82A80ED16}.Debug|Any CPU.Build.0 = Debug|Any CPU
		{452EBB02-3BE0-4D74-98A2-2AF82A80ED16}.Development|Any CPU.ActiveCfg = Debug|Any CPU
		{452EBB02-3BE0-4D74-98A2-2AF82A80ED16}.Development|Any CPU.Build.0 = Debug|Any CPU
		{452EBB02-3BE0-4D74-98A2-2AF82A80ED16}.Production|Any CPU.ActiveCfg = Release|Any CPU
		{452EBB02-3BE0-4D74-98A2-2AF82A80ED16}.Production|Any CPU.Build.0 = Release|Any CPU
		{452EBB02-3BE0-4D74-98A2-2AF82A80ED16}.Release|Any CPU.ActiveCfg = Release|Any CPU
		{452EBB02-3BE0-4D74-98A2-2AF82A80ED16}.Release|Any CPU.Build.0 = Release|Any CPU
		{64BC54F5-A0A7-4DB8-99FC-AB653CDB20CE}.Debug|Any CPU.ActiveCfg = Debug|Any CPU
		{64BC54F5-A0A7-4DB8-99FC-AB653CDB20CE}.Debug|Any CPU.Build.0 = Debug|Any CPU
		{64BC54F5-A0A7-4DB8-99FC-AB653CDB20CE}.Development|Any CPU.ActiveCfg = Debug|Any CPU
		{64BC54F5-A0A7-4DB8-99FC-AB653CDB20CE}.Development|Any CPU.Build.0 = Debug|Any CPU
		{64BC54F5-A0A7-4DB8-99FC-AB653CDB20CE}.Production|Any CPU.ActiveCfg = Release|Any CPU
		{64BC54F5-A0A7-4DB8-99FC-AB653CDB20CE}.Production|Any CPU.Build.0 = Release|Any CPU
		{64BC54F5-A0A7-4DB8-99FC-AB653CDB20CE}.Release|Any CPU.ActiveCfg = Release|Any CPU
		{64BC54F5-A0A7-4DB8-99FC-AB653CDB20CE}.Release|Any CPU.Build.0 = Release|Any CPU
		{C77A43B0-D5AB-4373-A3B3-EB9EB75F21FA}.Debug|Any CPU.ActiveCfg = Debug|Any CPU
		{C77A43B0-D5AB-4373-A3B3-EB9EB75F21FA}.Debug|Any CPU.Build.0 = Debug|Any CPU
		{C77A43B0-D5AB-4373-A3B3-EB9EB75F21FA}.Development|Any CPU.ActiveCfg = Debug|Any CPU
		{C77A43B0-D5AB-4373-A3B3-EB9EB75F21FA}.Development|Any CPU.Build.0 = Debug|Any CPU
		{C77A43B0-D5AB-4373-A3B3-EB9EB75F21FA}.Production|Any CPU.ActiveCfg = Release|Any CPU
		{C77A43B0-D5AB-4373-A3B3-EB9EB75F21FA}.Production|Any CPU.Build.0 = Release|Any CPU
		{C77A43B0-D5AB-4373-A3B3-EB9EB75F21FA}.Release|Any CPU.ActiveCfg = Release|Any CPU
		{C77A43B0-D5AB-4373-A3B3-EB9EB75F21FA}.Release|Any CPU.Build.0 = Release|Any CPU
		{B9263E76-023A-4B7C-8B62-2D0338DD3C04}.Debug|Any CPU.ActiveCfg = Debug|Any CPU
		{B9263E76-023A-4B7C-8B62-2D0338DD3C04}.Debug|Any CPU.Build.0 = Debug|Any CPU
		{B9263E76-023A-4B7C-8B62-2D0338DD3C04}.Development|Any CPU.ActiveCfg = Debug|Any CPU
		{B9263E76-023A-4B7C-8B62-2D0338DD3C04}.Development|Any CPU.Build.0 = Debug|Any CPU
		{B9263E76-023A-4B7C-8B62-2D0338DD3C04}.Production|Any CPU.ActiveCfg = Release|Any CPU
		{B9263E76-023A-4B7C-8B62-2D0338DD3C04}.Production|Any CPU.Build.0 = Release|Any CPU
		{B9263E76-023A-4B7C-8B62-2D0338DD3C04}.Release|Any CPU.ActiveCfg = Release|Any CPU
		{B9263E76-023A-4B7C-8B62-2D0338DD3C04}.Release|Any CPU.Build.0 = Release|Any CPU
		{03C3EB80-7AC4-43C6-B31B-C39F56D34FF8}.Debug|Any CPU.ActiveCfg = Debug|Any CPU
		{03C3EB80-7AC4-43C6-B31B-C39F56D34FF8}.Debug|Any CPU.Build.0 = Debug|Any CPU
		{03C3EB80-7AC4-43C6-B31B-C39F56D34FF8}.Development|Any CPU.ActiveCfg = Debug|Any CPU
		{03C3EB80-7AC4-43C6-B31B-C39F56D34FF8}.Development|Any CPU.Build.0 = Debug|Any CPU
		{03C3EB80-7AC4-43C6-B31B-C39F56D34FF8}.Production|Any CPU.ActiveCfg = Release|Any CPU
		{03C3EB80-7AC4-43C6-B31B-C39F56D34FF8}.Production|Any CPU.Build.0 = Release|Any CPU
		{03C3EB80-7AC4-43C6-B31B-C39F56D34FF8}.Release|Any CPU.ActiveCfg = Release|Any CPU
		{03C3EB80-7AC4-43C6-B31B-C39F56D34FF8}.Release|Any CPU.Build.0 = Release|Any CPU
		{23703FE3-843E-4D4F-98E7-3A07723C73BA}.Debug|Any CPU.ActiveCfg = Debug|Any CPU
		{23703FE3-843E-4D4F-98E7-3A07723C73BA}.Debug|Any CPU.Build.0 = Debug|Any CPU
		{23703FE3-843E-4D4F-98E7-3A07723C73BA}.Development|Any CPU.ActiveCfg = Debug|Any CPU
		{23703FE3-843E-4D4F-98E7-3A07723C73BA}.Development|Any CPU.Build.0 = Debug|Any CPU
		{23703FE3-843E-4D4F-98E7-3A07723C73BA}.Production|Any CPU.ActiveCfg = Release|Any CPU
		{23703FE3-843E-4D4F-98E7-3A07723C73BA}.Production|Any CPU.Build.0 = Release|Any CPU
		{23703FE3-843E-4D4F-98E7-3A07723C73BA}.Release|Any CPU.ActiveCfg = Release|Any CPU
		{23703FE3-843E-4D4F-98E7-3A07723C73BA}.Release|Any CPU.Build.0 = Release|Any CPU
		{7D656741-3E91-473C-BA4D-5FF615090070}.Debug|Any CPU.ActiveCfg = Debug|Any CPU
		{7D656741-3E91-473C-BA4D-5FF615090070}.Debug|Any CPU.Build.0 = Debug|Any CPU
		{7D656741-3E91-473C-BA4D-5FF615090070}.Development|Any CPU.ActiveCfg = Debug|Any CPU
		{7D656741-3E91-473C-BA4D-5FF615090070}.Development|Any CPU.Build.0 = Debug|Any CPU
		{7D656741-3E91-473C-BA4D-5FF615090070}.Production|Any CPU.ActiveCfg = Release|Any CPU
		{7D656741-3E91-473C-BA4D-5FF615090070}.Production|Any CPU.Build.0 = Release|Any CPU
		{7D656741-3E91-473C-BA4D-5FF615090070}.Release|Any CPU.ActiveCfg = Release|Any CPU
		{7D656741-3E91-473C-BA4D-5FF615090070}.Release|Any CPU.Build.0 = Release|Any CPU
	EndGlobalSection
	GlobalSection(SolutionProperties) = preSolution
		HideSolutionNode = FALSE
	EndGlobalSection
	GlobalSection(NestedProjects) = preSolution
		{3008A7D0-C5AC-4E09-A05C-34785C1A1C67} = {A3061022-DE81-4B20-9BB6-E747DF0DE807}
		{68A7007C-A564-4DA7-AACB-44F830828070} = {A856F174-C960-49C1-8438-05FB7C74F955}
		{68EBA63D-7800-4D47-BF2E-C0CF4A513F0A} = {9B922F0A-520E-4ACD-9247-9532FA3046CC}
		{8F355E7B-EC52-4595-8EC8-C5DEA6439080} = {9B922F0A-520E-4ACD-9247-9532FA3046CC}
		{50E442FE-FAD3-4B30-9590-749DB8159F66} = {C5D22EAB-8914-418B-A6BF-12F81E08C5A7}
		{452EBB02-3BE0-4D74-98A2-2AF82A80ED16} = {C5D22EAB-8914-418B-A6BF-12F81E08C5A7}
		{64BC54F5-A0A7-4DB8-99FC-AB653CDB20CE} = {380F98B0-BCA2-4204-BDA6-05F831F828CE}
		{C77A43B0-D5AB-4373-A3B3-EB9EB75F21FA} = {A856F174-C960-49C1-8438-05FB7C74F955}
		{B9263E76-023A-4B7C-8B62-2D0338DD3C04} = {982AE19D-B096-47BE-8A1C-767A789B26E7}
		{03C3EB80-7AC4-43C6-B31B-C39F56D34FF8} = {982AE19D-B096-47BE-8A1C-767A789B26E7}
		{23703FE3-843E-4D4F-98E7-3A07723C73BA} = {858E1AEC-5C1C-440C-A442-EF2140693850}
		{7D656741-3E91-473C-BA4D-5FF615090070} = {A3061022-DE81-4B20-9BB6-E747DF0DE807}
	EndGlobalSection
EndGlobal
